
Microsoft Visual Studio Solution File, Format Version 12.00
# Visual Studio Version 17
VisualStudioVersion = 17.3.32922.545
MinimumVisualStudioVersion = 10.0.40219.1
Project("{FAE04EC0-301F-11D3-BF4B-00C04F79EFBC}") = "exercicioWinium", "exercicioWinium.csproj", "{EAE9EAB2-7A7A-4127-B029-83D9FD2C7C79}"
EndProject
Global
	GlobalSection(SolutionConfigurationPlatforms) = preSolution
		Debug|Any CPU = Debug|Any CPU
		Release|Any CPU = Release|Any CPU
	EndGlobalSection
	GlobalSection(ProjectConfigurationPlatforms) = postSolution
		{EAE9EAB2-7A7A-4127-B029-83D9FD2C7C79}.Debug|Any CPU.ActiveCfg = Debug|Any CPU
		{EAE9EAB2-7A7A-4127-B029-83D9FD2C7C79}.Debug|Any CPU.Build.0 = Debug|Any CPU
		{EAE9EAB2-7A7A-4127-B029-83D9FD2C7C79}.Release|Any CPU.ActiveCfg = Release|Any CPU
		{EAE9EAB2-7A7A-4127-B029-83D9FD2C7C79}.Release|Any CPU.Build.0 = Release|Any CPU
	EndGlobalSection
	GlobalSection(SolutionProperties) = preSolution
		HideSolutionNode = FALSE
	EndGlobalSection
	GlobalSection(ExtensibilityGlobals) = postSolution
		SolutionGuid = {617C7242-258C-4BDD-8D18-0323CDDE33C7}
	EndGlobalSection
EndGlobal
